
Microsoft Visual Studio Solution File, Format Version 12.00
# Visual Studio Version 17
VisualStudioVersion = 17.8.34330.188
MinimumVisualStudioVersion = 10.0.40219.1
Project("{FAE04EC0-301F-11D3-BF4B-00C04F79EFBC}") = "PracticeOnLinq", "PracticeOnLinq.csproj", "{676AF5EA-AFA6-45CD-99D1-D8A69C4686F3}"
EndProject
Global
	GlobalSection(SolutionConfigurationPlatforms) = preSolution
		Debug|Any CPU = Debug|Any CPU
		Release|Any CPU = Release|Any CPU
	EndGlobalSection
	GlobalSection(ProjectConfigurationPlatforms) = postSolution
		{676AF5EA-AFA6-45CD-99D1-D8A69C4686F3}.Debug|Any CPU.ActiveCfg = Debug|Any CPU
		{676AF5EA-AFA6-45CD-99D1-D8A69C4686F3}.Debug|Any CPU.Build.0 = Debug|Any CPU
		{676AF5EA-AFA6-45CD-99D1-D8A69C4686F3}.Release|Any CPU.ActiveCfg = Release|Any CPU
		{676AF5EA-AFA6-45CD-99D1-D8A69C4686F3}.Release|Any CPU.Build.0 = Release|Any CPU
	EndGlobalSection
	GlobalSection(SolutionProperties) = preSolution
		HideSolutionNode = FALSE
	EndGlobalSection
	GlobalSection(ExtensibilityGlobals) = postSolution
		SolutionGuid = {F766AB4B-09BB-4EFB-91B8-6C1E2E511A8F}
	EndGlobalSection
EndGlobal
